
Microsoft Visual Studio Solution File, Format Version 12.00
# Visual Studio Version 17
VisualStudioVersion = 17.2.32516.85
MinimumVisualStudioVersion = 10.0.40219.1
Project("{9A19103F-16F7-4668-BE54-9A1E7A4F7556}") = "TestingApp", "TestingApp\TestingApp.csproj", "{8C0E7A13-B15D-448F-9141-1E2C1473ECDE}"
EndProject
Project("{9A19103F-16F7-4668-BE54-9A1E7A4F7556}") = "AutomaticWifiConnector", "AutomaticWifiConnector\AutomaticWifiConnector.csproj", "{C1B6DF75-95E5-4608-8714-823A686E6EB8}"
EndProject
Project("{9A19103F-16F7-4668-BE54-9A1E7A4F7556}") = "GitHubUpdater", "GitHubUpdater\GitHubUpdater.csproj", "{FE137300-CDC7-4FE1-ACAF-7FC4B69BC63E}"
EndProject
Project("{9A19103F-16F7-4668-BE54-9A1E7A4F7556}") = "Bezahlwebsite", "Bezahlwebsite\Bezahlwebsite.csproj", "{2B142085-6317-4312-9471-1E7056F44767}"
EndProject
Project("{FAE04EC0-301F-11D3-BF4B-00C04F79EFBC}") = "DataAccess", "DataAccess\DataAccess.csproj", "{39D0E479-C099-4E20-BB20-620EC793433C}"
EndProject
Global
	GlobalSection(SolutionConfigurationPlatforms) = preSolution
		Debug|Any CPU = Debug|Any CPU
		Release|Any CPU = Release|Any CPU
	EndGlobalSection
	GlobalSection(ProjectConfigurationPlatforms) = postSolution
		{8C0E7A13-B15D-448F-9141-1E2C1473ECDE}.Debug|Any CPU.ActiveCfg = Debug|Any CPU
		{8C0E7A13-B15D-448F-9141-1E2C1473ECDE}.Debug|Any CPU.Build.0 = Debug|Any CPU
		{8C0E7A13-B15D-448F-9141-1E2C1473ECDE}.Release|Any CPU.ActiveCfg = Release|Any CPU
		{8C0E7A13-B15D-448F-9141-1E2C1473ECDE}.Release|Any CPU.Build.0 = Release|Any CPU
		{C1B6DF75-95E5-4608-8714-823A686E6EB8}.Debug|Any CPU.ActiveCfg = Debug|Any CPU
		{C1B6DF75-95E5-4608-8714-823A686E6EB8}.Debug|Any CPU.Build.0 = Debug|Any CPU
		{C1B6DF75-95E5-4608-8714-823A686E6EB8}.Release|Any CPU.ActiveCfg = Release|Any CPU
		{C1B6DF75-95E5-4608-8714-823A686E6EB8}.Release|Any CPU.Build.0 = Release|Any CPU
		{FE137300-CDC7-4FE1-ACAF-7FC4B69BC63E}.Debug|Any CPU.ActiveCfg = Debug|Any CPU
		{FE137300-CDC7-4FE1-ACAF-7FC4B69BC63E}.Debug|Any CPU.Build.0 = Debug|Any CPU
		{FE137300-CDC7-4FE1-ACAF-7FC4B69BC63E}.Release|Any CPU.ActiveCfg = Release|Any CPU
		{FE137300-CDC7-4FE1-ACAF-7FC4B69BC63E}.Release|Any CPU.Build.0 = Release|Any CPU
		{2B142085-6317-4312-9471-1E7056F44767}.Debug|Any CPU.ActiveCfg = Debug|Any CPU
		{2B142085-6317-4312-9471-1E7056F44767}.Debug|Any CPU.Build.0 = Debug|Any CPU
		{2B142085-6317-4312-9471-1E7056F44767}.Release|Any CPU.ActiveCfg = Release|Any CPU
		{2B142085-6317-4312-9471-1E7056F44767}.Release|Any CPU.Build.0 = Release|Any CPU
		{39D0E479-C099-4E20-BB20-620EC793433C}.Debug|Any CPU.ActiveCfg = Debug|Any CPU
		{39D0E479-C099-4E20-BB20-620EC793433C}.Debug|Any CPU.Build.0 = Debug|Any CPU
		{39D0E479-C099-4E20-BB20-620EC793433C}.Release|Any CPU.ActiveCfg = Release|Any CPU
		{39D0E479-C099-4E20-BB20-620EC793433C}.Release|Any CPU.Build.0 = Release|Any CPU
	EndGlobalSection
	GlobalSection(SolutionProperties) = preSolution
		HideSolutionNode = FALSE
	EndGlobalSection
	GlobalSection(ExtensibilityGlobals) = postSolution
		SolutionGuid = {FD53E341-BDD9-4E32-A3BE-614B4F4E9DE7}
	EndGlobalSection
EndGlobal
